hash: 525c2aabcd05c7f9fd0beca6483922e1e376820beb1ac044337316a241acb2f8
updated: 2017-08-01T00:29:45.991304551+03:00
imports:
- name: github.com/gorilla/context
  version: 08b5f424b9271eedf6f9f0ce86cb9396ed337a42
- name: github.com/gorilla/mux
  version: ac112f7d75a0714af1bd86ab17749b31f7809640
- name: github.com/gorilla/pat
  version: cf955c3d1f2c27ee96f93e9738085c762ff5f49d
testImports: []
